# THIS IS AN AUTOGENERATED FILE. DO NOT EDIT THIS FILE DIRECTLY.
# yarn lockfile v1


thunderbird-web-ext-types@^1.0.0:
  version "1.0.0"
  resolved "https://registry.yarnpkg.com/thunderbird-web-ext-types/-/thunderbird-web-ext-types-1.0.0.tgz#52f24817fcb2518f9e75f1792599266da1be93ee"
  integrity sha512-WvRV7GLR8yiVSaHZaJ217fZDjADSshww2JVTbFrXq1nZbbBRqko3PLWlHGkhyIrMbGOJNYbJerYi9EwpcvxJpg==
