# THIS IS AN AUTOGENERATED FILE. DO NOT EDIT THIS FILE DIRECTLY.
# yarn lockfile v1


"@types/thunderbird-webext-browser@^109.0.4":
  version "109.0.4"
  resolved "https://registry.yarnpkg.com/@types/thunderbird-webext-browser/-/thunderbird-webext-browser-109.0.4.tgz#0c30147d4e6c394697956f35fbf232200c28a8d4"
  integrity sha512-X4ao1F1vXxST1AC4/woVlK/OIwbdr5VLKJYnryk/lyvOCuunOSOfJhZ43fnuKVqaYCk/RlMpbTcjX5wboDUn3w==
